
Microsoft Visual Studio Solution File, Format Version 12.00
# Visual Studio 15
VisualStudioVersion = 15.0.27130.2010
MinimumVisualStudioVersion = 10.0.40219.1
Project("{FAE04EC0-301F-11D3-BF4B-00C04F79EFBC}") = "YnovShop", "YnovShop\YnovShop.csproj", "{CED0EB8B-08FE-490E-B67E-4F33D4392F3B}"
EndProject
Global
	GlobalSection(SolutionConfigurationPlatforms) = preSolution
		Debug|Any CPU = Debug|Any CPU
		Release|Any CPU = Release|Any CPU
	EndGlobalSection
	GlobalSection(ProjectConfigurationPlatforms) = postSolution
		{CED0EB8B-08FE-490E-B67E-4F33D4392F3B}.Debug|Any CPU.ActiveCfg = Debug|Any CPU
		{CED0EB8B-08FE-490E-B67E-4F33D4392F3B}.Debug|Any CPU.Build.0 = Debug|Any CPU
		{CED0EB8B-08FE-490E-B67E-4F33D4392F3B}.Release|Any CPU.ActiveCfg = Release|Any CPU
		{CED0EB8B-08FE-490E-B67E-4F33D4392F3B}.Release|Any CPU.Build.0 = Release|Any CPU
	EndGlobalSection
	GlobalSection(SolutionProperties) = preSolution
		HideSolutionNode = FALSE
	EndGlobalSection
	GlobalSection(ExtensibilityGlobals) = postSolution
		SolutionGuid = {C7C78C82-600C-411E-8BCF-6B52022EEF9A}
	EndGlobalSection
EndGlobal
