
Microsoft Visual Studio Solution File, Format Version 12.00
# Visual Studio 15
VisualStudioVersion = 15.0.27130.2010
MinimumVisualStudioVersion = 10.0.40219.1
Project("{9A19103F-16F7-4668-BE54-9A1E7A4F7556}") = "YnovShop", "YnovShop\YnovShop.csproj", "{CED0EB8B-08FE-490E-B67E-4F33D4392F3B}"
EndProject
Project("{9A19103F-16F7-4668-BE54-9A1E7A4F7556}") = "YnovShop.Business", "YnovShop.Business\YnovShop.Business.csproj", "{627AC399-1408-4130-B364-E9E0CC3960AA}"
EndProject
Project("{9A19103F-16F7-4668-BE54-9A1E7A4F7556}") = "YnovShop.Data", "YnovShop.Data\YnovShop.Data.csproj", "{261E868F-F156-456C-8179-BC52AE7EA544}"
EndProject
Project("{9A19103F-16F7-4668-BE54-9A1E7A4F7556}") = "YnovShop.Provider", "YnovShop.Provider\YnovShop.Provider.csproj", "{20A69697-7C4E-4822-AB9E-AE0D53EB630F}"
EndProject
Project("{9A19103F-16F7-4668-BE54-9A1E7A4F7556}") = "YnovShop.Tests", "YnovShop.Tests\YnovShop.Tests.csproj", "{1BF03A99-9E36-4701-ADDB-6CDC66359CF3}"
EndProject
Project("{FAE04EC0-301F-11D3-BF4B-00C04F79EFBC}") = "YnovShop.UITests", "YnovShop.UITests\YnovShop.UITests.csproj", "{E0F190CE-FFF6-4315-BF2B-A8D6C3401F65}"
EndProject
Global
	GlobalSection(SolutionConfigurationPlatforms) = preSolution
		Debug|Any CPU = Debug|Any CPU
		Release|Any CPU = Release|Any CPU
	EndGlobalSection
	GlobalSection(ProjectConfigurationPlatforms) = postSolution
		{CED0EB8B-08FE-490E-B67E-4F33D4392F3B}.Debug|Any CPU.ActiveCfg = Debug|Any CPU
		{CED0EB8B-08FE-490E-B67E-4F33D4392F3B}.Debug|Any CPU.Build.0 = Debug|Any CPU
		{CED0EB8B-08FE-490E-B67E-4F33D4392F3B}.Release|Any CPU.ActiveCfg = Release|Any CPU
		{CED0EB8B-08FE-490E-B67E-4F33D4392F3B}.Release|Any CPU.Build.0 = Release|Any CPU
		{627AC399-1408-4130-B364-E9E0CC3960AA}.Debug|Any CPU.ActiveCfg = Debug|Any CPU
		{627AC399-1408-4130-B364-E9E0CC3960AA}.Debug|Any CPU.Build.0 = Debug|Any CPU
		{627AC399-1408-4130-B364-E9E0CC3960AA}.Release|Any CPU.ActiveCfg = Release|Any CPU
		{627AC399-1408-4130-B364-E9E0CC3960AA}.Release|Any CPU.Build.0 = Release|Any CPU
		{261E868F-F156-456C-8179-BC52AE7EA544}.Debug|Any CPU.ActiveCfg = Debug|Any CPU
		{261E868F-F156-456C-8179-BC52AE7EA544}.Debug|Any CPU.Build.0 = Debug|Any CPU
		{261E868F-F156-456C-8179-BC52AE7EA544}.Release|Any CPU.ActiveCfg = Release|Any CPU
		{261E868F-F156-456C-8179-BC52AE7EA544}.Release|Any CPU.Build.0 = Release|Any CPU
		{20A69697-7C4E-4822-AB9E-AE0D53EB630F}.Debug|Any CPU.ActiveCfg = Debug|Any CPU
		{20A69697-7C4E-4822-AB9E-AE0D53EB630F}.Debug|Any CPU.Build.0 = Debug|Any CPU
		{20A69697-7C4E-4822-AB9E-AE0D53EB630F}.Release|Any CPU.ActiveCfg = Release|Any CPU
		{20A69697-7C4E-4822-AB9E-AE0D53EB630F}.Release|Any CPU.Build.0 = Release|Any CPU
		{1BF03A99-9E36-4701-ADDB-6CDC66359CF3}.Debug|Any CPU.ActiveCfg = Debug|Any CPU
		{1BF03A99-9E36-4701-ADDB-6CDC66359CF3}.Debug|Any CPU.Build.0 = Debug|Any CPU
		{1BF03A99-9E36-4701-ADDB-6CDC66359CF3}.Release|Any CPU.ActiveCfg = Release|Any CPU
		{1BF03A99-9E36-4701-ADDB-6CDC66359CF3}.Release|Any CPU.Build.0 = Release|Any CPU
		{E0F190CE-FFF6-4315-BF2B-A8D6C3401F65}.Debug|Any CPU.ActiveCfg = Debug|Any CPU
		{E0F190CE-FFF6-4315-BF2B-A8D6C3401F65}.Debug|Any CPU.Build.0 = Debug|Any CPU
		{E0F190CE-FFF6-4315-BF2B-A8D6C3401F65}.Release|Any CPU.ActiveCfg = Release|Any CPU
		{E0F190CE-FFF6-4315-BF2B-A8D6C3401F65}.Release|Any CPU.Build.0 = Release|Any CPU
	EndGlobalSection
	GlobalSection(SolutionProperties) = preSolution
		HideSolutionNode = FALSE
	EndGlobalSection
	GlobalSection(ExtensibilityGlobals) = postSolution
		SolutionGuid = {C7C78C82-600C-411E-8BCF-6B52022EEF9A}
	EndGlobalSection
EndGlobal
