
Microsoft Visual Studio Solution File, Format Version 12.00
# Visual Studio 15
VisualStudioVersion = 15.0.27130.2010
MinimumVisualStudioVersion = 10.0.40219.1
Project("{FAE04EC0-301F-11D3-BF4B-00C04F79EFBC}") = "YnovTdd", "YnovTdd\YnovTdd.csproj", "{DAD22FBF-570F-448A-9617-F9F998877B5A}"
EndProject
Project("{FAE04EC0-301F-11D3-BF4B-00C04F79EFBC}") = "YnovTdd.Tests", "YnovTdd.Tests\YnovTdd.Tests.csproj", "{6424CA3E-514D-449B-A324-12BA0D512220}"
EndProject
Global
	GlobalSection(SolutionConfigurationPlatforms) = preSolution
		Debug|Any CPU = Debug|Any CPU
		Release|Any CPU = Release|Any CPU
	EndGlobalSection
	GlobalSection(ProjectConfigurationPlatforms) = postSolution
		{DAD22FBF-570F-448A-9617-F9F998877B5A}.Debug|Any CPU.ActiveCfg = Debug|Any CPU
		{DAD22FBF-570F-448A-9617-F9F998877B5A}.Debug|Any CPU.Build.0 = Debug|Any CPU
		{DAD22FBF-570F-448A-9617-F9F998877B5A}.Release|Any CPU.ActiveCfg = Release|Any CPU
		{DAD22FBF-570F-448A-9617-F9F998877B5A}.Release|Any CPU.Build.0 = Release|Any CPU
		{6424CA3E-514D-449B-A324-12BA0D512220}.Debug|Any CPU.ActiveCfg = Debug|Any CPU
		{6424CA3E-514D-449B-A324-12BA0D512220}.Debug|Any CPU.Build.0 = Debug|Any CPU
		{6424CA3E-514D-449B-A324-12BA0D512220}.Release|Any CPU.ActiveCfg = Release|Any CPU
		{6424CA3E-514D-449B-A324-12BA0D512220}.Release|Any CPU.Build.0 = Release|Any CPU
	EndGlobalSection
	GlobalSection(SolutionProperties) = preSolution
		HideSolutionNode = FALSE
	EndGlobalSection
	GlobalSection(ExtensibilityGlobals) = postSolution
		SolutionGuid = {66B2046E-8C90-4A78-A1EC-466E49017BDD}
	EndGlobalSection
EndGlobal
